version = 1
revision = 3
requires-python = "==3.13.*"

[[package]]
name = "cffi"
version = "2.1.1"
source = { registry = "https://pypi.org/simple" }
dependencies = [
    { name = "pycparser", marker = "implementation_name != 'PyPy'" },
]
sdist = { url = "https://files.pythonhosted.org/packages/9e/ef/008a1939e372c06329a3fce4279c02f328488f3526744906eeec3da7ad5f/cffi-2.1.1.tar.gz", hash = "sha256:dd31f52ea1086513bb9df30f8fcee9b8918323ae067a3d5b78bc826a000712be", size = 530807, upload-time = "2026-08-03T21:21:18.939Z" }
wheels = [
    { url = "https://files.pythonhosted.org/packages/9d/f4/035513d4117049066b4779dc3b7c0c0fdad175fa13731c9f4003f1cd1478/cffi-2.1.1-cp313-cp313-ios_13_0_arm64_iphoneos.whl", hash = "sha256:b5bdfd1c873d4e093aabc0ca84c4ca6dbc4f752afb5c86f146d9742580c9da2e", size = 194248, upload-time = "2026-08-03T21:19:59.399Z" },
    { url = "https://files.pythonhosted.org/packages/76/af/2aeb4dbb5fc41a04161ae9ff1518de7cec08e164f44a8ce6a4cf7fd2cd1d/cffi-2.1.1-cp313-cp313-ios_13_0_arm64_iphonesimulator.whl", hash = "sha256:31348097ff5bbe827ccc41795d4dd099d9f0625e7def00ee653c137a490c2a6c", size = 196908, upload-time = "2026-08-03T21:20:00.746Z" },
    { url = "https://files.pythonhosted.org/packages/a7/46/2e5fdde8555706dd98139a910ca11be02809f3f605ce956f655d0214e100/cffi-2.1.1-cp313-cp313-macosx_10_15_x86_64.whl", hash = "sha256:9d2055050ea716bd38b7f7f1579c275386646b4894c155a3e2f3cd62ed41b7c6", size = 184805, upload-time = "2026-08-03T21:20:02.02Z" },
    { url = "https://files.pythonhosted.org/packages/55/41/4c7042f317b9217502988f0873af87e16ad606dc20f84e546e3e6ce9764c/cffi-2.1.1-cp313-cp313-macosx_11_0_arm64.whl", hash = "sha256:19ee6127ee34de7d83ce3d371ebc5ed91addbdcc39f9ab15ce4eb35a4e534971", size = 184764, upload-time = "2026-08-03T21:20:03.141Z" },
    { url = "https://files.pythonhosted.org/packages/43/1f/1c3d90d91811c8f86ced9ed637956c54bfe5b79ca98fe976d7f8c8979f6b/cffi-2.1.1-cp313-cp313-manylinux1_i686.manylinux2014_i686.manylinux_2_17_i686.manylinux_2_5_i686.whl", hash = "sha256:6a8dddef476fab96d066d578fc88526767b836ab5ab21754e1d5bf3879c31c7c", size = 214722, upload-time = "2026-08-03T21:20:04.377Z" },
    { url = "https://files.pythonhosted.org/packages/37/6f/3b5ce4c3b2192d250f04908f2bfd91ef34552ec8f7716a5d4abdb8d67bb2/cffi-2.1.1-cp313-cp313-manylinux2014_aarch64.manylinux_2_17_aarch64.whl", hash = "sha256:f16c709686a78c727bbbf059f92b0bf41c6fc60deec706d2dc19f529175a6125", size = 222369, upload-time = "2026-08-03T21:20:05.544Z" },
    { url = "https://files.pythonhosted.org/packages/02/10/4b3c75dde3d9663c9e02ba05c2668b954f671d4bbe346413ca8c696b295a/cffi-2.1.1-cp313-cp313-manylinux2014_ppc64le.manylinux_2_17_ppc64le.whl", hash = "sha256:fcd22650c908d7b7da162bbfaab594a1227a15d1643a98c68b122ac642fa2264", size = 210175, upload-time = "2026-08-03T21:20:06.75Z" },
    { url = "https://files.pythonhosted.org/packages/df/62/14f74b9543e605d17701dc797b815958b8bb70b7624ce1b832ddad48ed6c/cffi-2.1.1-cp313-cp313-manylinux2014_s390x.manylinux_2_17_s390x.whl", hash = "sha256:aa9511c62d14da7aacc9b4bf51f3f697a621e83b2d6919008243c3aad168eea3", size = 208670, upload-time = "2026-08-03T21:20:08.04Z" },
    { url = "https://files.pythonhosted.org/packages/95/95/86342356ff5953b3fb06f7ef7c5bee212d45e770abc7218d451b9148313c/cffi-2.1.1-cp313-cp313-manylinux2014_x86_64.manylinux_2_17_x86_64.whl", hash = "sha256:a931079504ecc49efed7744c476a5c343a92fabf66dec2db95edb1b2fdc770e2", size = 221824, upload-time = "2026-08-03T21:20:09.274Z" },
    { url = "https://files.pythonhosted.org/packages/eb/ff/7b3429ff53aafe931ed8a5fc69f481bbef7ba6de87ddcbb63d08f483f613/cffi-2.1.1-cp313-cp313-musllinux_1_2_aarch64.whl", hash = "sha256:a2d7755bef5a12ed488f4ef1f1b69ee9191d7396083b755a5d2295f6edb4768b", size = 225148, upload-time = "2026-08-03T21:20:10.7Z" },
    { url = "https://files.pythonhosted.org/packages/34/34/a95870b9221e09cf4f2ce3178b1a210abdfe63a1bd357da940418d7b8d15/cffi-2.1.1-cp313-cp313-musllinux_1_2_x86_64.whl", hash = "sha256:e0bcb7e0f677f543555d2adff3bf19c05f66cdb4796e5ff602442ab2fe3c4ef7", size = 223564, upload-time = "2026-08-03T21:20:12.165Z" },
    { url = "https://files.pythonhosted.org/packages/70/ea/839b50531021a647fb5e929f72cf97bc1ff702b5472166164b5b6e76b851/cffi-2.1.1-cp313-cp313-win32.whl", hash = "sha256:334644fbac4eff73d985a17a91226df55d0f394160c4cfb880e084c8f7161cac", size = 175263, upload-time = "2026-08-03T21:20:13.559Z" },
    { url = "https://files.pythonhosted.org/packages/60/a6/8b149b2c3f2e11aaa1618ef64500b45f50f22c57a977a4dff1aff1f91042/cffi-2.1.1-cp313-cp313-win_amd64.whl", hash = "sha256:1aa5645c30469b09530c4ebca77ebf8f17618293c58f8549cb1a543a50236e7d", size = 185688, upload-time = "2026-08-03T21:20:14.69Z" },
    { url = "https://files.pythonhosted.org/packages/01/9a/11f687cb39d6a3504060d5242f04f48c735afb4d3d533958a20594890cb2/cffi-2.1.1-cp313-cp313-win_arm64.whl", hash = "sha256:63bbfd5ded17c4840ac07cd8f1c21ba9d9708141f840b324f422f41b207e3973", size = 180078, upload-time = "2026-08-03T21:20:15.917Z" },
]

[[package]]
name = "cryptography"
version = "50.0.0"
source = { registry = "https://pypi.org/simple" }
dependencies = [
    { name = "cffi", marker = "platform_python_implementation != 'PyPy'" },
]
sdist = { url = "https://files.pythonhosted.org/packages/de/41/6cbdcf9142d00fe82836fbb51e503e58088575cf7a0fe1dbff6695bf0840/cryptography-50.0.0.tar.gz", hash = "sha256:eeac2acb5a20ed25e0ad6d1df9891a520b78b404266b6d11778f25d5d691a6c9", size = 880201, upload-time = "2026-07-31T14:25:10.11Z" }
wheels = [
    { url = "https://files.pythonhosted.org/packages/c5/5c/59086b4aac5e879d38ddbcf74e4be7ade89cebc3eb199a55da998c3bb46a/cryptography-50.0.0-cp311-abi3-macosx_11_0_arm64.whl", hash = "sha256:031e2d5dd4bb9caa3ca9c82e5a197fd8ae680232cee62603d1a813f3f07e3d03", size = 4001252, upload-time = "2026-07-31T14:23:33.331Z" },
    { url = "https://files.pythonhosted.org/packages/57/ef/8f2df13c7216bcad3e1c74e07f6e193d93e998e114f524a53877c9af27ad/cryptography-50.0.0-cp311-abi3-manylinux2014_aarch64.manylinux_2_17_aarch64.whl", hash = "sha256:fd9192b7b70c573d7f214eb1ae35e00d359f6f5e4b27c7e21e30de1fc6204645", size = 4719554, upload-time = "2026-07-31T14:23:35.611Z" },
    { url = "https://files.pythonhosted.org/packages/d9/41/029086c34d91052fc3b88bcc8056f709a7c915c7a23b235a54eb800b1c97/cryptography-50.0.0-cp311-abi3-manylinux2014_x86_64.manylinux_2_17_x86_64.whl", hash = "sha256:06a32a980526a6ab9a4b9bf8f7385800791e2bb960903cb6b530e4817509a3b7", size = 4702130, upload-time = "2026-07-31T14:23:37.635Z" },
    { url = "https://files.pythonhosted.org/packages/7d/ff/b6ce0954962e7f7b969f850a883744197bb3910bdfd7b6da162eab7d9f68/cryptography-50.0.0-cp311-abi3-manylinux_2_28_aarch64.whl", hash = "sha256:a1b30560f2acc95aa8b2e06e716a13dbfc97314747b80d9707e307f77b40d6b3", size = 4725244, upload-time = "2026-07-31T14:23:39.471Z" },
    { url = "https://files.pythonhosted.org/packages/06/1e/63a1027cb7fec360a182208e1b7767d5aa1fe57be3d6aa856e69a321edc0/cryptography-50.0.0-cp311-abi3-manylinux_2_28_ppc64le.whl", hash = "sha256:8d89f3976b10b4ce31118de72329025f70d2c6ead14a8217c5514dd2c6d5a78f", size = 5342265, upload-time = "2026-07-31T14:23:41.286Z" },
    { url = "https://files.pythonhosted.org/packages/6b/72/a1116d683a6d7ece94590013882515de087edf9ef0e6292aae615a44df73/cryptography-50.0.0-cp311-abi3-manylinux_2_28_x86_64.whl", hash = "sha256:b42a28c1844fd9de8f3f7d540e36b66f3a9c83fceac7170ebc7a6a19edd9dcae", size = 4734609, upload-time = "2026-07-31T14:23:43.139Z" },
    { url = "https://files.pythonhosted.org/packages/15/37/36a9c479bbe49acea2636c7fd3360d20f7b7e079c300352011c44850b181/cryptography-50.0.0-cp311-abi3-manylinux_2_31_armv7l.whl", hash = "sha256:900131fafd8aead39ac7dd3a7e833be754c17a95cfd91221636949fe4eb0aa8a", size = 4356517, upload-time = "2026-07-31T14:23:44.939Z" },
    { url = "https://files.pythonhosted.org/packages/32/98/8a151d64367204cbc63ec65d37502f1d9c53cf4bfc6ec3c532614dbec60d/cryptography-50.0.0-cp311-abi3-manylinux_2_34_aarch64.whl", hash = "sha256:07949c449a1abcf60d1ee6e88956d89404c7df3c8258f46589e912988e551987", size = 4724529, upload-time = "2026-07-31T14:23:46.93Z" },
    { url = "https://files.pythonhosted.org/packages/22/f6/ec13b470172126464a86bf54d2294a46d29837fc51ba3e45d4047946fb5e/cryptography-50.0.0-cp311-abi3-manylinux_2_34_ppc64le.whl", hash = "sha256:f89831ef99dd7dd169ab06d63a831adb9e20a87aac6d380266bbda5823349169", size = 5299852, upload-time = "2026-07-31T14:23:48.851Z" },
    { url = "https://files.pythonhosted.org/packages/da/3a/f05e32c99d440c9bb891ea0e36c9091891e36be5a9a87ab2ee6ea20729f6/cryptography-50.0.0-cp311-abi3-manylinux_2_34_x86_64.whl", hash = "sha256:82148ec5bddac30b51a5b3c1945075f896fa022cb93f8e4a01e9f6ee95292c5f", size = 4734462, upload-time = "2026-07-31T14:23:50.861Z" },
    { url = "https://files.pythonhosted.org/packages/ca/dc/bd72b26be8953f80625f63151efd38eee71c76ca6cf591c08ff34615a79e/cryptography-50.0.0-cp311-abi3-musllinux_1_2_aarch64.whl", hash = "sha256:1489e263a8048bb8b6a8bac662eb2d402ea5d2b7b4699b72f385f1e2772db105", size = 4852708, upload-time = "2026-07-31T14:23:52.715Z" },
    { url = "https://files.pythonhosted.org/packages/27/20/c930314a2ab476d15dec966ec87e2e9637bb02b06106b12c0396c57bb603/cryptography-50.0.0-cp311-abi3-musllinux_1_2_x86_64.whl", hash = "sha256:7cec5b856506da6defb290f30c9ee687d5f5e8cb0bd3f6459dde43b0b4fa40ef", size = 5004179, upload-time = "2026-07-31T14:23:54.887Z" },
    { url = "https://files.pythonhosted.org/packages/32/2e/c9db68a0c4bfa28e310707527c0ee3a2bd254104d2e02e68f368e197aa4c/cryptography-50.0.0-cp311-abi3-win_amd64.whl", hash = "sha256:bd1c592e4d5974f0d08d4888e432157adba757c66da0246918e43677fafa2d30", size = 3840395, upload-time = "2026-07-31T14:23:56.677Z" },
    { url = "https://files.pythonhosted.org/packages/03/37/73d005be173aff344af30e9fd2a576575cb2391a7101d9cd3842e1fa8cce/cryptography-50.0.0-cp39-abi3-macosx_11_0_arm64.whl", hash = "sha256:ccdc4a71a4dabae05de219404f9f4abc38e3b58422177ff93d0da05967dafa07", size = 4036009, upload-time = "2026-07-31T14:24:24.122Z" },
    { url = "https://files.pythonhosted.org/packages/ff/c6/7a6202a534e32103a285b7834a120869557fe198d51d7cfe59754c8bda9c/cryptography-50.0.0-cp39-abi3-manylinux2014_aarch64.manylinux_2_17_aarch64.whl", hash = "sha256:910e1d2668e7de9648f2bcee30e180db2a6b15c30f887d7c4c93ddf96e3992e3", size = 4745252, upload-time = "2026-07-31T14:24:26.118Z" },
    { url = "https://files.pythonhosted.org/packages/85/4f/0fa8c2f4428198f15d9ff8d63400e27afbf94ce833f6108da1eb3753f945/cryptography-50.0.0-cp39-abi3-manylinux2014_x86_64.manylinux_2_17_x86_64.whl", hash = "sha256:a91296cb61e8df6f86d0c19cc4068228da256bf59bf86049fbd821084565327f", size = 4728939, upload-time = "2026-07-31T14:24:27.994Z" },
    { url = "https://files.pythonhosted.org/packages/d1/63/54dd723490ba2dc09b299682c10b38db38f159728bcaae8c591b8af2f22d/cryptography-50.0.0-cp39-abi3-manylinux_2_28_aarch64.whl", hash = "sha256:e722f16708d854fe924790e051061f6704a472c3bac347b6fd88033ea8dd0dc5", size = 4748483, upload-time = "2026-07-31T14:24:30.254Z" },
    { url = "https://files.pythonhosted.org/packages/1d/dd/7c77d26285cc7f6991efce64a0f5b4f9383bfa5dd8c5033003eaf7db4cdb/cryptography-50.0.0-cp39-abi3-manylinux_2_28_ppc64le.whl", hash = "sha256:d764dcf130c428ef66786f866dd750f53182bc608813489915e9fc106bb0c82f", size = 5367599, upload-time = "2026-07-31T14:24:32.457Z" },
    { url = "https://files.pythonhosted.org/packages/46/c9/f60aed34c013f317f92817b6c171c2d22a78270fa41109bd4b08af26b194/cryptography-50.0.0-cp39-abi3-manylinux_2_28_x86_64.whl", hash = "sha256:105110f43a471dbd0060b9c9516cb8a6a79233631a04cc2ba16f28323ac6e025", size = 4762647, upload-time = "2026-07-31T14:24:34.599Z" },
    { url = "https://files.pythonhosted.org/packages/be/f3/f9a0173b139372c3a48ed98154b45cc6b9de17c789d5ab552e621c293609/cryptography-50.0.0-cp39-abi3-manylinux_2_31_armv7l.whl", hash = "sha256:828743d939e9629bc267b8e2d08d8bb67cd4319c771a33d4b18b22dd8fb7440a", size = 4385197, upload-time = "2026-07-31T14:24:36.647Z" },
    { url = "https://files.pythonhosted.org/packages/d8/36/83bb81f6e569bc38e1e4a7bc80f29b46bb9601920bc455fc8e888f5d5742/cryptography-50.0.0-cp39-abi3-manylinux_2_34_aarch64.whl", hash = "sha256:2a8183b489dc1f7f80f135780fadc1108f14b31b8a40411c7a5b17425f65f28b", size = 4748095, upload-time = "2026-07-31T14:24:39.493Z" },
    { url = "https://files.pythonhosted.org/packages/6b/16/d3008eff98c764979865834c3d386d4fd041b5f52e7f34fc29ac1a5eb515/cryptography-50.0.0-cp39-abi3-manylinux_2_34_ppc64le.whl", hash = "sha256:6e7d61120573a7f2cd94cc095f9e81f6967c61ccdf194285aa143ecec8e0b708", size = 5325948, upload-time = "2026-07-31T14:24:41.556Z" },
    { url = "https://files.pythonhosted.org/packages/9c/f8/d97f9603efda3888187bfdb893f26c41be4735c10631d05d284ee6b047c4/cryptography-50.0.0-cp39-abi3-manylinux_2_34_x86_64.whl", hash = "sha256:37fdb0d0111f1e2ff07139dfb79f1b49531f8e213c46f1163dd7642979b58c47", size = 4762400, upload-time = "2026-07-31T14:24:43.636Z" },
    { url = "https://files.pythonhosted.org/packages/64/a2/4615c8f7d81a00b1d6e6afe19f694e1543582349fb5f4076f6cb5dc36485/cryptography-50.0.0-cp39-abi3-musllinux_1_2_aarch64.whl", hash = "sha256:c87f62a3d3b9888ed0fdde100ec06aa61ca9cd44bad9057d1dff9a516b5f5bb9", size = 4878208, upload-time = "2026-07-31T14:24:45.522Z" },
    { url = "https://files.pythonhosted.org/packages/d2/1a/efcfb02f91407149a0dacffffab791f7e19bf6385f63b3666dc8b5e5c9c8/cryptography-50.0.0-cp39-abi3-musllinux_1_2_x86_64.whl", hash = "sha256:65c2c3add92b45fd0709db8594536aea39c2a67af0e27ffcf049c498501140b7", size = 5037050, upload-time = "2026-07-31T14:24:47.697Z" },
    { url = "https://files.pythonhosted.org/packages/57/30/4a22984d4f1bdfb8c054f07a92bc176b97a3134cc1d6c4b3bffb1f3688b4/cryptography-50.0.0-cp39-abi3-win_amd64.whl", hash = "sha256:d24fead1d4d076e1bfb006dcec392074a3cd8d7b4fc8a595aa64073b2b7a96ba", size = 3874135, upload-time = "2026-07-31T14:24:50.085Z" },
]

[[package]]
name = "decision-archaeology-toolchain"
version = "0.0.0"
source = { virtual = "." }
dependencies = [
    { name = "sigma-glyph" },
    { name = "warrant-verify" },
]

[package.metadata]
requires-dist = [
    { name = "sigma-glyph", specifier = "==0.6.7" },
    { name = "warrant-verify", specifier = "==0.9.0" },
]

[[package]]
name = "pycparser"
version = "3.0"
source = { registry = "https://pypi.org/simple" }
sdist = { url = "https://files.pythonhosted.org/packages/1b/7d/92392ff7815c21062bea51aa7b87d45576f649f16458d78b7cf94b9ab2e6/pycparser-3.0.tar.gz", hash = "sha256:600f49d217304a5902ac3c37e1281c9fe94e4d0489de643a9504c5cdfdfc6b29", size = 103492, upload-time = "2026-01-21T14:26:51.89Z" }
wheels = [
    { url = "https://files.pythonhosted.org/packages/0c/c3/44f3fbbfa403ea2a7c779186dc20772604442dde72947e7d01069cbe98e3/pycparser-3.0-py3-none-any.whl", hash = "sha256:b727414169a36b7d524c1c3e31839a521725078d7b2ff038656844266160a992", size = 48172, upload-time = "2026-01-21T14:26:50.693Z" },
]

[[package]]
name = "sigma-glyph"
version = "0.6.7"
source = { registry = "https://pypi.org/simple" }
sdist = { url = "https://files.pythonhosted.org/packages/63/1d/24fa487bda6b87cd0030ea8da230d1c4be295ef37fd56671abea94cdf6df/sigma_glyph-0.6.7.tar.gz", hash = "sha256:e2a809991c6750fa4652181ef7d8f21fa860a1942cebf7d95b348c50f6a1746c", size = 32892, upload-time = "2026-07-31T00:38:39.58Z" }
wheels = [
    { url = "https://files.pythonhosted.org/packages/03/73/0428ff3d80b577bdfb0ec0810a2949cb57e9803de12842bb070daf04da46/sigma_glyph-0.6.7-py3-none-any.whl", hash = "sha256:c3b7bc32a7a3b71e037ca367fb2fbfdb45437146185c2e1336ac1c866b571bca", size = 30550, upload-time = "2026-07-31T00:38:38.283Z" },
]

[[package]]
name = "warrant-verify"
version = "0.9.0"
source = { registry = "https://pypi.org/simple" }
dependencies = [
    { name = "cryptography" },
]
sdist = { url = "https://files.pythonhosted.org/packages/0d/b4/5dbe982bd9b3be07ec05465567e701689a396f82a314252dcc21e27dba02/warrant_verify-0.9.0.tar.gz", hash = "sha256:f9d6ec32d2adc4be97c49d88a895477cb272821a83b905f9aae3595457e2d32e", size = 93875, upload-time = "2026-08-01T20:32:32.67Z" }
wheels = [
    { url = "https://files.pythonhosted.org/packages/eb/be/8ec14fa9bb668b80ae2faea380e3895e0c45e9c0fe6f31b55334db75c6ab/warrant_verify-0.9.0-py3-none-any.whl", hash = "sha256:62c57f6261d258332d0635a1b217a9fe27b5ee56a6e3eb09fb19725ca2bc693d", size = 90970, upload-time = "2026-08-01T20:32:31.24Z" },
]
